{
  "version": 4,
  "terraform_version": "1.2.3",
  "serial": 8,
  "lineage": "456188d8-241d-7362-343f-63443b07774e",
  "outputs": {},
  "resources": [
    {
      "mode": "managed",
      "type": "azurerm_application_insights",
      "name": "example",
      "provider": "provider[\"registry.terraform.io/hashicorp/azurerm\"]",
      "instances": [
        {
          "schema_version": 1,
          "attributes": {
            "app_id": "09fdde15-558a-4575-9f13-3d42d0438c7c",
            "application_type": "web",
            "connection_string": "InstrumentationKey=148200fa-7dc6-4075-adc5-05e92fa038f2;IngestionEndpoint=https://westeurope-4.in.applicationinsights.azure.com/;LiveEndpoint=https://westeurope.livediagnostics.monitor.azure.com/",
            "daily_data_cap_in_gb": 100,
            "daily_data_cap_notifications_disabled": false,
            "disable_ip_masking": false,
            "force_customer_storage_for_profiler": false,
            "id": "/subscriptions/49c29c5b-863f-43c2-ae40-56e55cee24d3/resourceGroups/example-resources/providers/Microsoft.Insights/components/tf-test-appinsights",
            "instrumentation_key": "148200fa-7dc6-4075-adc5-05e92fa038f2",
            "internet_ingestion_enabled": true,
            "internet_query_enabled": true,
            "local_authentication_disabled": false,
            "location": "westeurope",
            "name": "tf-test-appinsights",
            "resource_group_name": "example-resources",
            "retention_in_days": 90,
            "sampling_percentage": 100,
            "tags": {},
            "timeouts": null,
            "workspace_id": null
          },
          "sensitive_attributes": [],
          "private": "eyJlMmJmYjczMC1lY2FhLTExZTYtOGY4OC0zNDM2M2JjN2M0YzAiOnsiY3JlYXRlIjozNjAwMDAwMDAwMDAwLCJkZWxldGUiOjE4MDAwMDAwMDAwMDAsInJlYWQiOjMwMDAwMDAwMDAwMCwidXBkYXRlIjoxODAwMDAwMDAwMDAwfSwic2NoZW1hX3ZlcnNpb24iOiIxIn0=",
          "dependencies": [
            "azurerm_resource_group.example"
          ]
        }
      ]
    },
    {
      "mode": "managed",
      "type": "azurerm_resource_group",
      "name": "example",
      "provider": "provider[\"registry.terraform.io/hashicorp/azurerm\"]",
      "instances": [
        {
          "schema_version": 0,
          "attributes": {
            "id": "/subscriptions/49c29c5b-863f-43c2-ae40-56e55cee24d3/resourceGroups/example-resources",
            "location": "westeurope",
            "name": "example-resources",
            "tags": {},
            "timeouts": null
          },
          "sensitive_attributes": [],
          "private": "eyJlMmJmYjczMC1lY2FhLTExZTYtOGY4OC0zNDM2M2JjN2M0YzAiOnsiY3JlYXRlIjo1NDAwMDAwMDAwMDAwLCJkZWxldGUiOjU0MDAwMDAwMDAwMDAsInJlYWQiOjMwMDAwMDAwMDAwMCwidXBkYXRlIjo1NDAwMDAwMDAwMDAwfX0="
        }
      ]
    },
    {
      "mode": "managed",
      "type": "azurerm_spring_cloud_service",
      "name": "example",
      "provider": "provider[\"registry.terraform.io/hashicorp/azurerm\"]",
      "instances": [
        {
          "schema_version": 0,
          "attributes": {
            "build_agent_pool_size": "",
            "config_server_git_setting": [
              {
                "http_basic_auth": [],
                "label": "config",
                "repository": [],
                "search_paths": [
                  "dir1",
                  "dir2"
                ],
                "ssh_auth": [],
                "uri": "https://github.com/Azure-Samples/piggymetrics"
              }
            ],
            "id": "/subscriptions/49c29c5b-863f-43c2-ae40-56e55cee24d3/resourceGroups/example-resources/providers/Microsoft.AppPlatform/Spring/springcloudterraform",
            "location": "westeurope",
            "name": "springcloudterraform",
            "network": [],
            "outbound_public_ip_addresses": [
              "20.23.145.200",
              "20.23.146.57"
            ],
            "required_network_traffic_rules": [],
            "resource_group_name": "example-resources",
            "service_registry_enabled": false,
            "service_registry_id": "",
            "sku_name": "S0",
            "tags": {
              "Env": "staging"
            },
            "timeouts": null,
            "trace": [
              {
                "connection_string": "InstrumentationKey=148200fa-7dc6-4075-adc5-05e92fa038f2;IngestionEndpoint=https://westeurope-4.in.applicationinsights.azure.com/;LiveEndpoint=https://westeurope.livediagnostics.monitor.azure.com/",
                "sample_rate": 10
              }
            ],
            "zone_redundant": false
          },
          "sensitive_attributes": [
            [
              {
                "type": "get_attr",
                "value": "trace"
              },
              {
                "type": "index",
                "value": {
                  "value": 0,
                  "type": "number"
                }
              },
              {
                "type": "get_attr",
                "value": "connection_string"
              }
            ]
          ],
          "private": "eyJlMmJmYjczMC1lY2FhLTExZTYtOGY4OC0zNDM2M2JjN2M0YzAiOnsiY3JlYXRlIjozNjAwMDAwMDAwMDAwLCJkZWxldGUiOjE4MDAwMDAwMDAwMDAsInJlYWQiOjMwMDAwMDAwMDAwMCwidXBkYXRlIjoxODAwMDAwMDAwMDAwfX0=",
          "dependencies": [
            "azurerm_application_insights.example",
            "azurerm_resource_group.example"
          ]
        }
      ]
    }
  ]
}
